
Microsoft Visual Studio Solution File, Format Version 12.00
# Visual Studio Version 16
VisualStudioVersion = 16.0.31025.194
MinimumVisualStudioVersion = 10.0.40219.1
Project("{9A19103F-16F7-4668-BE54-9A1E7A4F7556}") = "DataAccess", "DataAccess\DataAccess.csproj", "{F9E3A644-A394-451D-B003-4C79F86C8483}"
EndProject
Project("{9A19103F-16F7-4668-BE54-9A1E7A4F7556}") = "Business", "Business\Business.csproj", "{BF1C4294-CF62-4F9C-91D1-53FC723F35D6}"
EndProject
Project("{9A19103F-16F7-4668-BE54-9A1E7A4F7556}") = "Entities", "Entities\Entities.csproj", "{5955C74C-91C3-474A-9465-B4C7270B51EE}"
EndProject
Project("{9A19103F-16F7-4668-BE54-9A1E7A4F7556}") = "ConsoleUI", "ConsoleUI\ConsoleUI.csproj", "{B7A2D574-FC7E-4750-BFDC-5B426AA77593}"
EndProject
Project("{9A19103F-16F7-4668-BE54-9A1E7A4F7556}") = "Core", "Core\Core.csproj", "{2DAF123F-E9BA-492E-A475-35C17FCE5493}"
EndProject
Project("{FAE04EC0-301F-11D3-BF4B-00C04F79EFBC}") = "WebApi", "WebApplication2\WebApi.csproj", "{2018940B-9C95-4878-8E1B-E86FC2C0465F}"
EndProject
Global
	GlobalSection(SolutionConfigurationPlatforms) = preSolution
		Debug|Any CPU = Debug|Any CPU
		Release|Any CPU = Release|Any CPU
	EndGlobalSection
	GlobalSection(ProjectConfigurationPlatforms) = postSolution
		{F9E3A644-A394-451D-B003-4C79F86C8483}.Debug|Any CPU.ActiveCfg = Debug|Any CPU
		{F9E3A644-A394-451D-B003-4C79F86C8483}.Debug|Any CPU.Build.0 = Debug|Any CPU
		{F9E3A644-A394-451D-B003-4C79F86C8483}.Release|Any CPU.ActiveCfg = Release|Any CPU
		{F9E3A644-A394-451D-B003-4C79F86C8483}.Release|Any CPU.Build.0 = Release|Any CPU
		{BF1C4294-CF62-4F9C-91D1-53FC723F35D6}.Debug|Any CPU.ActiveCfg = Debug|Any CPU
		{BF1C4294-CF62-4F9C-91D1-53FC723F35D6}.Debug|Any CPU.Build.0 = Debug|Any CPU
		{BF1C4294-CF62-4F9C-91D1-53FC723F35D6}.Release|Any CPU.ActiveCfg = Release|Any CPU
		{BF1C4294-CF62-4F9C-91D1-53FC723F35D6}.Release|Any CPU.Build.0 = Release|Any CPU
		{5955C74C-91C3-474A-9465-B4C7270B51EE}.Debug|Any CPU.ActiveCfg = Debug|Any CPU
		{5955C74C-91C3-474A-9465-B4C7270B51EE}.Debug|Any CPU.Build.0 = Debug|Any CPU
		{5955C74C-91C3-474A-9465-B4C7270B51EE}.Release|Any CPU.ActiveCfg = Release|Any CPU
		{5955C74C-91C3-474A-9465-B4C7270B51EE}.Release|Any CPU.Build.0 = Release|Any CPU
		{B7A2D574-FC7E-4750-BFDC-5B426AA77593}.Debug|Any CPU.ActiveCfg = Debug|Any CPU
		{B7A2D574-FC7E-4750-BFDC-5B426AA77593}.Debug|Any CPU.Build.0 = Debug|Any CPU
		{B7A2D574-FC7E-4750-BFDC-5B426AA77593}.Release|Any CPU.ActiveCfg = Release|Any CPU
		{B7A2D574-FC7E-4750-BFDC-5B426AA77593}.Release|Any CPU.Build.0 = Release|Any CPU
		{2DAF123F-E9BA-492E-A475-35C17FCE5493}.Debug|Any CPU.ActiveCfg = Debug|Any CPU
		{2DAF123F-E9BA-492E-A475-35C17FCE5493}.Debug|Any CPU.Build.0 = Debug|Any CPU
		{2DAF123F-E9BA-492E-A475-35C17FCE5493}.Release|Any CPU.ActiveCfg = Release|Any CPU
		{2DAF123F-E9BA-492E-A475-35C17FCE5493}.Release|Any CPU.Build.0 = Release|Any CPU
		{2018940B-9C95-4878-8E1B-E86FC2C0465F}.Debug|Any CPU.ActiveCfg = Debug|Any CPU
		{2018940B-9C95-4878-8E1B-E86FC2C0465F}.Debug|Any CPU.Build.0 = Debug|Any CPU
		{2018940B-9C95-4878-8E1B-E86FC2C0465F}.Release|Any CPU.ActiveCfg = Release|Any CPU
		{2018940B-9C95-4878-8E1B-E86FC2C0465F}.Release|Any CPU.Build.0 = Release|Any CPU
	EndGlobalSection
	GlobalSection(SolutionProperties) = preSolution
		HideSolutionNode = FALSE
	EndGlobalSection
	GlobalSection(ExtensibilityGlobals) = postSolution
		SolutionGuid = {8F096E01-0DC8-4DD6-B576-7EC43C62594C}
	EndGlobalSection
EndGlobal
